<?xml version="1.0" encoding="utf-8"?>
<Project ToolsVersion="4.0" xmlns="http://schemas.microsoft.com/developer/msbuild/2003">
  <ItemGroup>
    <Filter Include="ソース ファイル">
      <UniqueIdentifier>{4FC737F1-C7A5-4376-A066-2A32D752A2FF}</UniqueIdentifier>
      <Extensions>cpp;c;cc;cxx;def;odl;idl;hpj;bat;asm;asmx</Extensions>
    </Filter>
    <Filter Include="ヘッダー ファイル">
      <UniqueIdentifier>{93995380-89BD-4b04-88EB-625FBE52EBFB}</UniqueIdentifier>
      <Extensions>h;hpp;hxx;hm;inl;inc;xsd</Extensions>
    </Filter>
    <Filter Include="リソース ファイル">
      <UniqueIdentifier>{67DA6AB6-F800-4c08-8B7A-83BB121AAD01}</UniqueIdentifier>
      <Extensions>rc;ico;cur;bmp;dlg;rc2;rct;bin;rgs;gif;jpg;jpeg;jpe;resx;tiff;tif;png;wav;mfcribbon-ms</Extensions>
    </Filter>
    <Filter Include="ソース ファイル\server">
      <UniqueIdentifier>{0e75a3c0-a3ab-4d22-91be-315e1cdda61d}</UniqueIdentifier>
    </Filter>
    <Filter Include="ヘッダー ファイル\server">
      <UniqueIdentifier>{2e1afedd-8a88-4c79-8359-df654c56aca4}</UniqueIdentifier>
    </Filter>
    <Filter Include="ヘッダー ファイル\client">
      <UniqueIdentifier>{492dbf07-436d-443c-91e0-86bb63284123}</UniqueIdentifier>
    </Filter>
    <Filter Include="ソース ファイル\client">
      <UniqueIdentifier>{11ca1ad9-b475-4ce7-8bb9-47802098eeda}</UniqueIdentifier>
    </Filter>
  </ItemGroup>
  <ItemGroup>
    <ClCompile Include="dllmain.cpp">
      <Filter>ソース ファイル</Filter>
    </ClCompile>
    <ClCompile Include="export_func.cpp">
      <Filter>ソース ファイル</Filter>
    </ClCompile>
    <ClCompile Include="server\Server.cpp">
      <Filter>ソース ファイル\server</Filter>
    </ClCompile>
    <ClCompile Include="debug.cpp">
      <Filter>ソース ファイル</Filter>
    </ClCompile>
    <ClCompile Include="util.cpp">
      <Filter>ソース ファイル</Filter>
    </ClCompile>
    <ClCompile Include="client\HookD3DDevice9.cpp">
      <Filter>ソース ファイル\client</Filter>
    </ClCompile>
    <ClCompile Include="client\HookDirect3D9.cpp">
      <Filter>ソース ファイル\client</Filter>
    </ClCompile>
    <ClCompile Include="client\hook_dx_funcs.cpp">
      <Filter>ソース ファイル\client</Filter>
    </ClCompile>
  </ItemGroup>
  <ItemGroup>
    <Library Include="AntTweakBar\AntTweakBar.lib">
      <Filter>リソース ファイル</Filter>
    </Library>
  </ItemGroup>
  <ItemGroup>
    <ClInclude Include="const.h">
      <Filter>ヘッダー ファイル</Filter>
    </ClInclude>
    <ClInclude Include="server\Server.h">
      <Filter>ヘッダー ファイル\server</Filter>
    </ClInclude>
    <ClInclude Include="debug.h">
      <Filter>ヘッダー ファイル</Filter>
    </ClInclude>
    <ClInclude Include="util.h">
      <Filter>ヘッダー ファイル</Filter>
    </ClInclude>
    <ClInclude Include="client\directx_dummy.h">
      <Filter>ヘッダー ファイル\client</Filter>
    </ClInclude>
    <ClInclude Include="client\global.h">
      <Filter>ヘッダー ファイル\client</Filter>
    </ClInclude>
    <ClInclude Include="client\directx_hook.h">
      <Filter>ヘッダー ファイル\client</Filter>
    </ClInclude>
  </ItemGroup>
  <ItemGroup>
    <None Include="th125.def">
      <Filter>リソース ファイル</Filter>
    </None>
  </ItemGroup>
</Project>